
Microsoft Visual Studio Solution File, Format Version 12.00
# Visual Studio Version 16
VisualStudioVersion = 16.0.31112.23
MinimumVisualStudioVersion = 10.0.40219.1
Project("{FAE04EC0-301F-11D3-BF4B-00C04F79EFBC}") = "Calcular_Imc", "Calcular_Imc\Calcular_Imc.csproj", "{1CEECAE2-ED66-4046-810A-FFEB46B6E933}"
EndProject
Global
	GlobalSection(SolutionConfigurationPlatforms) = preSolution
		Debug|Any CPU = Debug|Any CPU
		Release|Any CPU = Release|Any CPU
	EndGlobalSection
	GlobalSection(ProjectConfigurationPlatforms) = postSolution
		{1CEECAE2-ED66-4046-810A-FFEB46B6E933}.Debug|Any CPU.ActiveCfg = Debug|Any CPU
		{1CEECAE2-ED66-4046-810A-FFEB46B6E933}.Debug|Any CPU.Build.0 = Debug|Any CPU
		{1CEECAE2-ED66-4046-810A-FFEB46B6E933}.Release|Any CPU.ActiveCfg = Release|Any CPU
		{1CEECAE2-ED66-4046-810A-FFEB46B6E933}.Release|Any CPU.Build.0 = Release|Any CPU
	EndGlobalSection
	GlobalSection(SolutionProperties) = preSolution
		HideSolutionNode = FALSE
	EndGlobalSection
	GlobalSection(ExtensibilityGlobals) = postSolution
		SolutionGuid = {2AF68E13-D970-426E-ABF9-92A4ED9DF5DC}
	EndGlobalSection
EndGlobal
